
Microsoft Visual Studio Solution File, Format Version 12.00
# Visual Studio Version 17
VisualStudioVersion = 17.14.36301.6
MinimumVisualStudioVersion = 10.0.40219.1
Project("{FAE04EC0-301F-11D3-BF4B-00C04F79EFBC}") = "E-Commerce.Web", "E-Commerce.Web\E-Commerce.Web.csproj", "{C62C4EDC-D88A-428D-A0B7-CCE436B68C1A}"
EndProject
Project("{2150E333-8FDC-42A3-9474-1A3956D46DE8}") = "Core", "Core", "{02EA681E-C7D8-13C7-8484-4AC65E1B71E8}"
EndProject
Project("{FAE04EC0-301F-11D3-BF4B-00C04F79EFBC}") = "Domain", "Core\Domain\Domain.csproj", "{23F36FA3-3CB5-4581-A811-FB273DBE58AB}"
EndProject
Project("{FAE04EC0-301F-11D3-BF4B-00C04F79EFBC}") = "Services", "Core\Services\Services.csproj", "{4295B4C8-240F-426C-80DE-C60E1E99F620}"
EndProject
Project("{FAE04EC0-301F-11D3-BF4B-00C04F79EFBC}") = "ServicesAbstraction", "Core\ServicesAbstraction\ServicesAbstraction.csproj", "{D9845F0E-182E-45CB-9295-4CBBDE92BEB8}"
EndProject
Project("{2150E333-8FDC-42A3-9474-1A3956D46DE8}") = "Infrastructures", "Infrastructures", "{DC1AC377-779E-4096-A056-ABAD50122997}"
EndProject
Project("{FAE04EC0-301F-11D3-BF4B-00C04F79EFBC}") = "Persistence", "Infrastructures\Persistence\Persistence.csproj", "{5FED8E33-EFDD-44BC-A285-C40FF0D6D1E3}"
EndProject
Project("{FAE04EC0-301F-11D3-BF4B-00C04F79EFBC}") = "Presentation", "Infrastructures\Presentation\Presentation.csproj", "{A3DB627F-954A-4828-895A-756760F7959C}"
EndProject
Global
	GlobalSection(SolutionConfigurationPlatforms) = preSolution
		Debug|Any CPU = Debug|Any CPU
		Release|Any CPU = Release|Any CPU
	EndGlobalSection
	GlobalSection(ProjectConfigurationPlatforms) = postSolution
		{C62C4EDC-D88A-428D-A0B7-CCE436B68C1A}.Debug|Any CPU.ActiveCfg = Debug|Any CPU
		{C62C4EDC-D88A-428D-A0B7-CCE436B68C1A}.Debug|Any CPU.Build.0 = Debug|Any CPU
		{C62C4EDC-D88A-428D-A0B7-CCE436B68C1A}.Release|Any CPU.ActiveCfg = Release|Any CPU
		{C62C4EDC-D88A-428D-A0B7-CCE436B68C1A}.Release|Any CPU.Build.0 = Release|Any CPU
		{23F36FA3-3CB5-4581-A811-FB273DBE58AB}.Debug|Any CPU.ActiveCfg = Debug|Any CPU
		{23F36FA3-3CB5-4581-A811-FB273DBE58AB}.Debug|Any CPU.Build.0 = Debug|Any CPU
		{23F36FA3-3CB5-4581-A811-FB273DBE58AB}.Release|Any CPU.ActiveCfg = Release|Any CPU
		{23F36FA3-3CB5-4581-A811-FB273DBE58AB}.Release|Any CPU.Build.0 = Release|Any CPU
		{4295B4C8-240F-426C-80DE-C60E1E99F620}.Debug|Any CPU.ActiveCfg = Debug|Any CPU
		{4295B4C8-240F-426C-80DE-C60E1E99F620}.Debug|Any CPU.Build.0 = Debug|Any CPU
		{4295B4C8-240F-426C-80DE-C60E1E99F620}.Release|Any CPU.ActiveCfg = Release|Any CPU
		{4295B4C8-240F-426C-80DE-C60E1E99F620}.Release|Any CPU.Build.0 = Release|Any CPU
		{D9845F0E-182E-45CB-9295-4CBBDE92BEB8}.Debug|Any CPU.ActiveCfg = Debug|Any CPU
		{D9845F0E-182E-45CB-9295-4CBBDE92BEB8}.Debug|Any CPU.Build.0 = Debug|Any CPU
		{D9845F0E-182E-45CB-9295-4CBBDE92BEB8}.Release|Any CPU.ActiveCfg = Release|Any CPU
		{D9845F0E-182E-45CB-9295-4CBBDE92BEB8}.Release|Any CPU.Build.0 = Release|Any CPU
		{5FED8E33-EFDD-44BC-A285-C40FF0D6D1E3}.Debug|Any CPU.ActiveCfg = Debug|Any CPU
		{5FED8E33-EFDD-44BC-A285-C40FF0D6D1E3}.Debug|Any CPU.Build.0 = Debug|Any CPU
		{5FED8E33-EFDD-44BC-A285-C40FF0D6D1E3}.Release|Any CPU.ActiveCfg = Release|Any CPU
		{5FED8E33-EFDD-44BC-A285-C40FF0D6D1E3}.Release|Any CPU.Build.0 = Release|Any CPU
		{A3DB627F-954A-4828-895A-756760F7959C}.Debug|Any CPU.ActiveCfg = Debug|Any CPU
		{A3DB627F-954A-4828-895A-756760F7959C}.Debug|Any CPU.Build.0 = Debug|Any CPU
		{A3DB627F-954A-4828-895A-756760F7959C}.Release|Any CPU.ActiveCfg = Release|Any CPU
		{A3DB627F-954A-4828-895A-756760F7959C}.Release|Any CPU.Build.0 = Release|Any CPU
	EndGlobalSection
	GlobalSection(SolutionProperties) = preSolution
		HideSolutionNode = FALSE
	EndGlobalSection
	GlobalSection(NestedProjects) = preSolution
		{23F36FA3-3CB5-4581-A811-FB273DBE58AB} = {02EA681E-C7D8-13C7-8484-4AC65E1B71E8}
		{4295B4C8-240F-426C-80DE-C60E1E99F620} = {02EA681E-C7D8-13C7-8484-4AC65E1B71E8}
		{D9845F0E-182E-45CB-9295-4CBBDE92BEB8} = {02EA681E-C7D8-13C7-8484-4AC65E1B71E8}
		{5FED8E33-EFDD-44BC-A285-C40FF0D6D1E3} = {DC1AC377-779E-4096-A056-ABAD50122997}
		{A3DB627F-954A-4828-895A-756760F7959C} = {DC1AC377-779E-4096-A056-ABAD50122997}
	EndGlobalSection
	GlobalSection(ExtensibilityGlobals) = postSolution
		SolutionGuid = {81A2FC5A-2599-4606-8623-00C25EE9374E}
	EndGlobalSection
EndGlobal
